
Microsoft Visual Studio Solution File, Format Version 12.00
# Visual Studio Version 17
VisualStudioVersion = 17.11.35222.181
MinimumVisualStudioVersion = 10.0.40219.1
Project("{9A19103F-16F7-4668-BE54-9A1E7A4F7556}") = "TiendaInventario", "TiendaInventario.csproj", "{8E97C5CD-D058-4894-9381-EF333F27A98C}"
EndProject
Project("{2150E333-8FDC-42A3-9474-1A3956D46DE8}") = "Solution Items", "Solution Items", "{A66BC7EF-2BF7-4654-822E-D0B36129CD73}"
EndProject
Global
	GlobalSection(SolutionConfigurationPlatforms) = preSolution
		Debug|Any CPU = Debug|Any CPU
		Release|Any CPU = Release|Any CPU
	EndGlobalSection
	GlobalSection(ProjectConfigurationPlatforms) = postSolution
		{8E97C5CD-D058-4894-9381-EF333F27A98C}.Debug|Any CPU.ActiveCfg = Debug|Any CPU
		{8E97C5CD-D058-4894-9381-EF333F27A98C}.Debug|Any CPU.Build.0 = Debug|Any CPU
		{8E97C5CD-D058-4894-9381-EF333F27A98C}.Release|Any CPU.ActiveCfg = Release|Any CPU
		{8E97C5CD-D058-4894-9381-EF333F27A98C}.Release|Any CPU.Build.0 = Release|Any CPU
	EndGlobalSection
	GlobalSection(SolutionProperties) = preSolution
		HideSolutionNode = FALSE
	EndGlobalSection
	GlobalSection(ExtensibilityGlobals) = postSolution
		SolutionGuid = {4CA2D069-F01C-4620-8CB5-9E788DB2487E}
	EndGlobalSection
EndGlobal
